
Microsoft Visual Studio Solution File, Format Version 12.00
# Visual Studio Version 17
VisualStudioVersion = 17.13.35931.197 d17.13
MinimumVisualStudioVersion = 10.0.40219.1
Project("{FAE04EC0-301F-11D3-BF4B-00C04F79EFBC}") = "导航Demo", "导航Demo\导航Demo.csproj", "{FC000D26-4D3F-42D0-8358-018754C035C7}"
EndProject
Global
	GlobalSection(SolutionConfigurationPlatforms) = preSolution
		Debug|Any CPU = Debug|Any CPU
		Release|Any CPU = Release|Any CPU
	EndGlobalSection
	GlobalSection(ProjectConfigurationPlatforms) = postSolution
		{FC000D26-4D3F-42D0-8358-018754C035C7}.Debug|Any CPU.ActiveCfg = Debug|Any CPU
		{FC000D26-4D3F-42D0-8358-018754C035C7}.Debug|Any CPU.Build.0 = Debug|Any CPU
		{FC000D26-4D3F-42D0-8358-018754C035C7}.Release|Any CPU.ActiveCfg = Release|Any CPU
		{FC000D26-4D3F-42D0-8358-018754C035C7}.Release|Any CPU.Build.0 = Release|Any CPU
	EndGlobalSection
	GlobalSection(SolutionProperties) = preSolution
		HideSolutionNode = FALSE
	EndGlobalSection
	GlobalSection(ExtensibilityGlobals) = postSolution
		SolutionGuid = {FD661B36-36B7-45F8-A062-1A6A0D93BB24}
	EndGlobalSection
EndGlobal
